PODS:
  - Capacitor (5.0.5):
    - CapacitorCordova
  - CapacitorCordova (5.0.5)
  - CapacitorStatusBar (5.0.4):
    - Capacitor
  - CordovaPlugins (5.0.5):
    - CapacitorCordova

DEPENDENCIES:
  - "Capacitor (from `../../node_modules/@capacitor/ios`)"
  - "CapacitorCordova (from `../../node_modules/@capacitor/ios`)"
  - "CapacitorStatusBar (from `../../../../node_modules/@capacitor/status-bar`)"
  - CordovaPlugins (from `../capacitor-cordova-ios-plugins`)

EXTERNAL SOURCES:
  Capacitor:
    :path: "../../node_modules/@capacitor/ios"
  CapacitorCordova:
    :path: "../../node_modules/@capacitor/ios"
  CapacitorStatusBar:
    :path: "../../../../node_modules/@capacitor/status-bar"
  CordovaPlugins:
    :path: "../capacitor-cordova-ios-plugins"

SPEC CHECKSUMS:
  Capacitor: b1248915663add1bd6567e2b67c1c1fa3abcf5e8
  CapacitorCordova: f8c06b897c74ee8f7701fe10e6443b40822bc83a
  CapacitorStatusBar: 190e0321b8734f4244d0c81baa183a00d5806ddf
  CordovaPlugins: 22742ae7253dfccf584dc7ba979ba90e3c8edea4

PODFILE CHECKSUM: 38f0e5a5f47f513a33cd82acd3b12c23fc828c1e

COCOAPODS: 1.12.1
